
Microsoft Visual Studio Solution File, Format Version 12.00
# Visual Studio Version 17
VisualStudioVersion = 17.0.32014.148
MinimumVisualStudioVersion = 10.0.40219.1
Project("{9A19103F-16F7-4668-BE54-9A1E7A4F7556}") = "BedrockLauncher", "BedrockLauncher\BedrockLauncher.csproj", "{9FEBCF6C-14EF-49E9-B57D-FCBC3BA4BC77}"
	ProjectSection(ProjectDependencies) = postProject
		{B7336BA7-1E83-43D8-BD0E-3D44C6E3D4E7} = {B7336BA7-1E83-43D8-BD0E-3D44C6E3D4E7}
		{7E4E8DB5-85AD-4388-BDCB-38C6F423B8B0} = {7E4E8DB5-85AD-4388-BDCB-38C6F423B8B0}
	EndProjectSection
EndProject
Project("{9A19103F-16F7-4668-BE54-9A1E7A4F7556}") = "BedrockLauncher.Uninstaller", "modules\BedrockLauncher.Uninstaller\BedrockLauncher.Uninstaller.csproj", "{3232778B-1A3B-4D31-88A1-7A43B8B66723}"
EndProject
Project("{2150E333-8FDC-42A3-9474-1A3956D46DE8}") = "Modules", "Modules", "{BD55A257-6639-42E6-9DE1-AF712F553AA2}"
EndProject
Project("{9A19103F-16F7-4668-BE54-9A1E7A4F7556}") = "BedrockLauncher.SkinView3D", "modules\SkinView3D\BedrockLauncher.SkinView3D.csproj", "{CCABEF67-F4BF-4087-9291-62EE5E316934}"
EndProject
Project("{9A19103F-16F7-4668-BE54-9A1E7A4F7556}") = "BedrockLauncher.Core", "modules\BedrockLauncher.Core\BedrockLauncher.Core.csproj", "{167A048A-8140-4F8D-87C3-A03D07F964D3}"
EndProject
Project("{9A19103F-16F7-4668-BE54-9A1E7A4F7556}") = "JemExtensions", "modules\Extensions.NET\JemExtensions.csproj", "{6718749F-4346-4E5E-85DF-D47FAF22C9B6}"
EndProject
Project("{9A19103F-16F7-4668-BE54-9A1E7A4F7556}") = "BedrockLauncher.UpdateProcessor", "modules\BedrockLauncher.UpdateProcessor\BedrockLauncher.UpdateProcessor.csproj", "{8D88D5FF-5132-4605-851D-2E020EA6483B}"
	ProjectSection(ProjectDependencies) = postProject
		{B7336BA7-1E83-43D8-BD0E-3D44C6E3D4E7} = {B7336BA7-1E83-43D8-BD0E-3D44C6E3D4E7}
	EndProjectSection
EndProject
Project("{2150E333-8FDC-42A3-9474-1A3956D46DE8}") = "Solution Items", "Solution Items", "{25A7C91E-529D-41E5-A7D0-4EBC727E2DE4}"
EndProject
Project("{9A19103F-16F7-4668-BE54-9A1E7A4F7556}") = "BedrockLauncher.Dungeons", "modules\BedrockLauncher.Dungeons\BedrockLauncher.Dungeons.csproj", "{A04AF51F-1E8C-44B0-9EBC-E3C7D6B3F4D3}"
EndProject
Project("{9A19103F-16F7-4668-BE54-9A1E7A4F7556}") = "BedrockLauncher.UI", "modules\BedrockLauncher.UI\BedrockLauncher.UI.csproj", "{46D8EC75-2F00-4551-9F3D-10C8522C9B3D}"
EndProject
Project("{9A19103F-16F7-4668-BE54-9A1E7A4F7556}") = "HtmlRenderer.WPF.NetStandard2", "modules\HtmlRenderer.WPF\HtmlRenderer.WPF.NetStandard2.csproj", "{7E4E8DB5-85AD-4388-BDCB-38C6F423B8B0}"
EndProject
Project("{8BC9CEB8-8B4A-11D0-8D11-00A0C91BC942}") = "BedrockLauncher.TokenBroker", "modules\BedrockLauncher.TokenBroker\BedrockLauncher.TokenBroker.vcxproj", "{B7336BA7-1E83-43D8-BD0E-3D44C6E3D4E7}"
EndProject
Project("{9A19103F-16F7-4668-BE54-9A1E7A4F7556}") = "BedrockLauncher.Localization", "modules\BedrockLauncher.Localization\BedrockLauncher.Localization.csproj", "{9425CFBF-1D40-48E1-8CB3-B8FB0D4AFD2C}"
EndProject
Global
	GlobalSection(SolutionConfigurationPlatforms) = preSolution
		Debug|Any CPU = Debug|Any CPU
		Release|Any CPU = Release|Any CPU
	EndGlobalSection
	GlobalSection(ProjectConfigurationPlatforms) = postSolution
		{9FEBCF6C-14EF-49E9-B57D-FCBC3BA4BC77}.Debug|Any CPU.ActiveCfg = Debug|Any CPU
		{9FEBCF6C-14EF-49E9-B57D-FCBC3BA4BC77}.Debug|Any CPU.Build.0 = Debug|Any CPU
		{9FEBCF6C-14EF-49E9-B57D-FCBC3BA4BC77}.Release|Any CPU.ActiveCfg = Release|Any CPU
		{9FEBCF6C-14EF-49E9-B57D-FCBC3BA4BC77}.Release|Any CPU.Build.0 = Release|Any CPU
		{3232778B-1A3B-4D31-88A1-7A43B8B66723}.Debug|Any CPU.ActiveCfg = Debug|Any CPU
		{3232778B-1A3B-4D31-88A1-7A43B8B66723}.Debug|Any CPU.Build.0 = Debug|Any CPU
		{3232778B-1A3B-4D31-88A1-7A43B8B66723}.Release|Any CPU.ActiveCfg = Release|Any CPU
		{3232778B-1A3B-4D31-88A1-7A43B8B66723}.Release|Any CPU.Build.0 = Release|Any CPU
		{CCABEF67-F4BF-4087-9291-62EE5E316934}.Debug|Any CPU.ActiveCfg = Debug|Any CPU
		{CCABEF67-F4BF-4087-9291-62EE5E316934}.Debug|Any CPU.Build.0 = Debug|Any CPU
		{CCABEF67-F4BF-4087-9291-62EE5E316934}.Release|Any CPU.ActiveCfg = Release|Any CPU
		{CCABEF67-F4BF-4087-9291-62EE5E316934}.Release|Any CPU.Build.0 = Release|Any CPU
		{167A048A-8140-4F8D-87C3-A03D07F964D3}.Debug|Any CPU.ActiveCfg = Debug|Any CPU
		{167A048A-8140-4F8D-87C3-A03D07F964D3}.Debug|Any CPU.Build.0 = Debug|Any CPU
		{167A048A-8140-4F8D-87C3-A03D07F964D3}.Release|Any CPU.ActiveCfg = Release|Any CPU
		{167A048A-8140-4F8D-87C3-A03D07F964D3}.Release|Any CPU.Build.0 = Release|Any CPU
		{6718749F-4346-4E5E-85DF-D47FAF22C9B6}.Debug|Any CPU.ActiveCfg = Debug|Any CPU
		{6718749F-4346-4E5E-85DF-D47FAF22C9B6}.Debug|Any CPU.Build.0 = Debug|Any CPU
		{6718749F-4346-4E5E-85DF-D47FAF22C9B6}.Release|Any CPU.ActiveCfg = Release|Any CPU
		{6718749F-4346-4E5E-85DF-D47FAF22C9B6}.Release|Any CPU.Build.0 = Release|Any CPU
		{8D88D5FF-5132-4605-851D-2E020EA6483B}.Debug|Any CPU.ActiveCfg = Debug|Any CPU
		{8D88D5FF-5132-4605-851D-2E020EA6483B}.Debug|Any CPU.Build.0 = Debug|Any CPU
		{8D88D5FF-5132-4605-851D-2E020EA6483B}.Release|Any CPU.ActiveCfg = Release|Any CPU
		{8D88D5FF-5132-4605-851D-2E020EA6483B}.Release|Any CPU.Build.0 = Release|Any CPU
		{A04AF51F-1E8C-44B0-9EBC-E3C7D6B3F4D3}.Debug|Any CPU.ActiveCfg = Debug|Any CPU
		{A04AF51F-1E8C-44B0-9EBC-E3C7D6B3F4D3}.Debug|Any CPU.Build.0 = Debug|Any CPU
		{A04AF51F-1E8C-44B0-9EBC-E3C7D6B3F4D3}.Release|Any CPU.ActiveCfg = Release|Any CPU
		{A04AF51F-1E8C-44B0-9EBC-E3C7D6B3F4D3}.Release|Any CPU.Build.0 = Release|Any CPU
		{46D8EC75-2F00-4551-9F3D-10C8522C9B3D}.Debug|Any CPU.ActiveCfg = Debug|Any CPU
		{46D8EC75-2F00-4551-9F3D-10C8522C9B3D}.Debug|Any CPU.Build.0 = Debug|Any CPU
		{46D8EC75-2F00-4551-9F3D-10C8522C9B3D}.Release|Any CPU.ActiveCfg = Release|Any CPU
		{46D8EC75-2F00-4551-9F3D-10C8522C9B3D}.Release|Any CPU.Build.0 = Release|Any CPU
		{7E4E8DB5-85AD-4388-BDCB-38C6F423B8B0}.Debug|Any CPU.ActiveCfg = Debug|Any CPU
		{7E4E8DB5-85AD-4388-BDCB-38C6F423B8B0}.Debug|Any CPU.Build.0 = Debug|Any CPU
		{7E4E8DB5-85AD-4388-BDCB-38C6F423B8B0}.Release|Any CPU.ActiveCfg = Release|Any CPU
		{7E4E8DB5-85AD-4388-BDCB-38C6F423B8B0}.Release|Any CPU.Build.0 = Release|Any CPU
		{B7336BA7-1E83-43D8-BD0E-3D44C6E3D4E7}.Debug|Any CPU.ActiveCfg = Debug|x64
		{B7336BA7-1E83-43D8-BD0E-3D44C6E3D4E7}.Debug|Any CPU.Build.0 = Debug|x64
		{B7336BA7-1E83-43D8-BD0E-3D44C6E3D4E7}.Release|Any CPU.ActiveCfg = Release|x64
		{B7336BA7-1E83-43D8-BD0E-3D44C6E3D4E7}.Release|Any CPU.Build.0 = Release|x64
		{9425CFBF-1D40-48E1-8CB3-B8FB0D4AFD2C}.Debug|Any CPU.ActiveCfg = Debug|Any CPU
		{9425CFBF-1D40-48E1-8CB3-B8FB0D4AFD2C}.Debug|Any CPU.Build.0 = Debug|Any CPU
		{9425CFBF-1D40-48E1-8CB3-B8FB0D4AFD2C}.Release|Any CPU.ActiveCfg = Release|Any CPU
		{9425CFBF-1D40-48E1-8CB3-B8FB0D4AFD2C}.Release|Any CPU.Build.0 = Release|Any CPU
	EndGlobalSection
	GlobalSection(SolutionProperties) = preSolution
		HideSolutionNode = FALSE
	EndGlobalSection
	GlobalSection(NestedProjects) = preSolution
		{3232778B-1A3B-4D31-88A1-7A43B8B66723} = {BD55A257-6639-42E6-9DE1-AF712F553AA2}
		{CCABEF67-F4BF-4087-9291-62EE5E316934} = {BD55A257-6639-42E6-9DE1-AF712F553AA2}
		{167A048A-8140-4F8D-87C3-A03D07F964D3} = {BD55A257-6639-42E6-9DE1-AF712F553AA2}
		{6718749F-4346-4E5E-85DF-D47FAF22C9B6} = {BD55A257-6639-42E6-9DE1-AF712F553AA2}
		{8D88D5FF-5132-4605-851D-2E020EA6483B} = {BD55A257-6639-42E6-9DE1-AF712F553AA2}
		{A04AF51F-1E8C-44B0-9EBC-E3C7D6B3F4D3} = {BD55A257-6639-42E6-9DE1-AF712F553AA2}
		{46D8EC75-2F00-4551-9F3D-10C8522C9B3D} = {BD55A257-6639-42E6-9DE1-AF712F553AA2}
		{7E4E8DB5-85AD-4388-BDCB-38C6F423B8B0} = {BD55A257-6639-42E6-9DE1-AF712F553AA2}
		{B7336BA7-1E83-43D8-BD0E-3D44C6E3D4E7} = {BD55A257-6639-42E6-9DE1-AF712F553AA2}
		{9425CFBF-1D40-48E1-8CB3-B8FB0D4AFD2C} = {BD55A257-6639-42E6-9DE1-AF712F553AA2}
	EndGlobalSection
	GlobalSection(ExtensibilityGlobals) = postSolution
		SolutionGuid = {1C257FFD-AD8A-44BD-AC36-BCEE19250413}
	EndGlobalSection
EndGlobal
