
Microsoft Visual Studio Solution File, Format Version 12.00
# Visual Studio Version 16
VisualStudioVersion = 16.0.30804.86
MinimumVisualStudioVersion = 10.0.40219.1
Project("{FAE04EC0-301F-11D3-BF4B-00C04F79EFBC}") = "BedrockLauncher", "BedrockLauncher\BedrockLauncher.csproj", "{9FEBCF6C-14EF-49E9-B57D-FCBC3BA4BC77}"
EndProject
Project("{FAE04EC0-301F-11D3-BF4B-00C04F79EFBC}") = "Benhancer", "Benhancer\Benhancer.csproj", "{1CC094F4-F755-44DA-A444-C1FAE8D6C430}"
EndProject
Project("{FAE04EC0-301F-11D3-BF4B-00C04F79EFBC}") = "Installer", "Installer\Installer.csproj", "{295729F7-172F-4BCD-A619-E495DB5A4E2F}"
EndProject
Global
	GlobalSection(SolutionConfigurationPlatforms) = preSolution
		All|Any CPU = All|Any CPU
		All|x64 = All|x64
		All|x86 = All|x86
		Debug|Any CPU = Debug|Any CPU
		Debug|x64 = Debug|x64
		Debug|x86 = Debug|x86
		Release|Any CPU = Release|Any CPU
		Release|x64 = Release|x64
		Release|x86 = Release|x86
	EndGlobalSection
	GlobalSection(ProjectConfigurationPlatforms) = postSolution
		{9FEBCF6C-14EF-49E9-B57D-FCBC3BA4BC77}.All|Any CPU.ActiveCfg = Release|Any CPU
		{9FEBCF6C-14EF-49E9-B57D-FCBC3BA4BC77}.All|Any CPU.Build.0 = Release|Any CPU
		{9FEBCF6C-14EF-49E9-B57D-FCBC3BA4BC77}.All|x64.ActiveCfg = Release|x64
		{9FEBCF6C-14EF-49E9-B57D-FCBC3BA4BC77}.All|x64.Build.0 = Release|x64
		{9FEBCF6C-14EF-49E9-B57D-FCBC3BA4BC77}.All|x86.ActiveCfg = Release|Any CPU
		{9FEBCF6C-14EF-49E9-B57D-FCBC3BA4BC77}.All|x86.Build.0 = Release|Any CPU
		{9FEBCF6C-14EF-49E9-B57D-FCBC3BA4BC77}.Debug|Any CPU.ActiveCfg = Release|Any CPU
		{9FEBCF6C-14EF-49E9-B57D-FCBC3BA4BC77}.Debug|Any CPU.Build.0 = Release|Any CPU
		{9FEBCF6C-14EF-49E9-B57D-FCBC3BA4BC77}.Debug|x64.ActiveCfg = Debug|x64
		{9FEBCF6C-14EF-49E9-B57D-FCBC3BA4BC77}.Debug|x64.Build.0 = Debug|x64
		{9FEBCF6C-14EF-49E9-B57D-FCBC3BA4BC77}.Debug|x86.ActiveCfg = Debug|Any CPU
		{9FEBCF6C-14EF-49E9-B57D-FCBC3BA4BC77}.Debug|x86.Build.0 = Debug|Any CPU
		{9FEBCF6C-14EF-49E9-B57D-FCBC3BA4BC77}.Release|Any CPU.ActiveCfg = Release|Any CPU
		{9FEBCF6C-14EF-49E9-B57D-FCBC3BA4BC77}.Release|Any CPU.Build.0 = Release|Any CPU
		{9FEBCF6C-14EF-49E9-B57D-FCBC3BA4BC77}.Release|x64.ActiveCfg = Release|x64
		{9FEBCF6C-14EF-49E9-B57D-FCBC3BA4BC77}.Release|x64.Build.0 = Release|x64
		{9FEBCF6C-14EF-49E9-B57D-FCBC3BA4BC77}.Release|x86.ActiveCfg = Release|Any CPU
		{9FEBCF6C-14EF-49E9-B57D-FCBC3BA4BC77}.Release|x86.Build.0 = Release|Any CPU
		{1CC094F4-F755-44DA-A444-C1FAE8D6C430}.All|Any CPU.ActiveCfg = Release|Any CPU
		{1CC094F4-F755-44DA-A444-C1FAE8D6C430}.All|Any CPU.Build.0 = Release|Any CPU
		{1CC094F4-F755-44DA-A444-C1FAE8D6C430}.All|x64.ActiveCfg = Release|Any CPU
		{1CC094F4-F755-44DA-A444-C1FAE8D6C430}.All|x64.Build.0 = Release|Any CPU
		{1CC094F4-F755-44DA-A444-C1FAE8D6C430}.All|x86.ActiveCfg = Release|Any CPU
		{1CC094F4-F755-44DA-A444-C1FAE8D6C430}.All|x86.Build.0 = Release|Any CPU
		{1CC094F4-F755-44DA-A444-C1FAE8D6C430}.Debug|Any CPU.ActiveCfg = Debug|Any CPU
		{1CC094F4-F755-44DA-A444-C1FAE8D6C430}.Debug|Any CPU.Build.0 = Debug|Any CPU
		{1CC094F4-F755-44DA-A444-C1FAE8D6C430}.Debug|x64.ActiveCfg = Debug|Any CPU
		{1CC094F4-F755-44DA-A444-C1FAE8D6C430}.Debug|x64.Build.0 = Debug|Any CPU
		{1CC094F4-F755-44DA-A444-C1FAE8D6C430}.Debug|x86.ActiveCfg = Debug|Any CPU
		{1CC094F4-F755-44DA-A444-C1FAE8D6C430}.Debug|x86.Build.0 = Debug|Any CPU
		{1CC094F4-F755-44DA-A444-C1FAE8D6C430}.Release|Any CPU.ActiveCfg = Release|Any CPU
		{1CC094F4-F755-44DA-A444-C1FAE8D6C430}.Release|Any CPU.Build.0 = Release|Any CPU
		{1CC094F4-F755-44DA-A444-C1FAE8D6C430}.Release|x64.ActiveCfg = Release|Any CPU
		{1CC094F4-F755-44DA-A444-C1FAE8D6C430}.Release|x64.Build.0 = Release|Any CPU
		{1CC094F4-F755-44DA-A444-C1FAE8D6C430}.Release|x86.ActiveCfg = Release|Any CPU
		{1CC094F4-F755-44DA-A444-C1FAE8D6C430}.Release|x86.Build.0 = Release|Any CPU
		{295729F7-172F-4BCD-A619-E495DB5A4E2F}.All|Any CPU.ActiveCfg = Debug|Any CPU
		{295729F7-172F-4BCD-A619-E495DB5A4E2F}.All|Any CPU.Build.0 = Debug|Any CPU
		{295729F7-172F-4BCD-A619-E495DB5A4E2F}.All|x64.ActiveCfg = Debug|Any CPU
		{295729F7-172F-4BCD-A619-E495DB5A4E2F}.All|x64.Build.0 = Debug|Any CPU
		{295729F7-172F-4BCD-A619-E495DB5A4E2F}.All|x86.ActiveCfg = Debug|Any CPU
		{295729F7-172F-4BCD-A619-E495DB5A4E2F}.All|x86.Build.0 = Debug|Any CPU
		{295729F7-172F-4BCD-A619-E495DB5A4E2F}.Debug|Any CPU.ActiveCfg = Debug|Any CPU
		{295729F7-172F-4BCD-A619-E495DB5A4E2F}.Debug|Any CPU.Build.0 = Debug|Any CPU
		{295729F7-172F-4BCD-A619-E495DB5A4E2F}.Debug|x64.ActiveCfg = Debug|Any CPU
		{295729F7-172F-4BCD-A619-E495DB5A4E2F}.Debug|x64.Build.0 = Debug|Any CPU
		{295729F7-172F-4BCD-A619-E495DB5A4E2F}.Debug|x86.ActiveCfg = Debug|Any CPU
		{295729F7-172F-4BCD-A619-E495DB5A4E2F}.Debug|x86.Build.0 = Debug|Any CPU
		{295729F7-172F-4BCD-A619-E495DB5A4E2F}.Release|Any CPU.ActiveCfg = Release|Any CPU
		{295729F7-172F-4BCD-A619-E495DB5A4E2F}.Release|Any CPU.Build.0 = Release|Any CPU
		{295729F7-172F-4BCD-A619-E495DB5A4E2F}.Release|x64.ActiveCfg = Release|Any CPU
		{295729F7-172F-4BCD-A619-E495DB5A4E2F}.Release|x64.Build.0 = Release|Any CPU
		{295729F7-172F-4BCD-A619-E495DB5A4E2F}.Release|x86.ActiveCfg = Release|Any CPU
		{295729F7-172F-4BCD-A619-E495DB5A4E2F}.Release|x86.Build.0 = Release|Any CPU
	EndGlobalSection
	GlobalSection(SolutionProperties) = preSolution
		HideSolutionNode = FALSE
	EndGlobalSection
	GlobalSection(ExtensibilityGlobals) = postSolution
		SolutionGuid = {1C257FFD-AD8A-44BD-AC36-BCEE19250413}
	EndGlobalSection
EndGlobal
