
Microsoft Visual Studio Solution File, Format Version 12.00
# Visual Studio Version 16
VisualStudioVersion = 16.0.30804.86
MinimumVisualStudioVersion = 10.0.40219.1
Project("{FAE04EC0-301F-11D3-BF4B-00C04F79EFBC}") = "BedrockLauncher", "BedrockLauncher\BedrockLauncher.csproj", "{9FEBCF6C-14EF-49E9-B57D-FCBC3BA4BC77}"
	ProjectSection(ProjectDependencies) = postProject
		{B7336BA7-1E83-43D8-BD0E-3D44C6E3D4E7} = {B7336BA7-1E83-43D8-BD0E-3D44C6E3D4E7}
	EndProjectSection
EndProject
Project("{FAE04EC0-301F-11D3-BF4B-00C04F79EFBC}") = "Installer", "modules\Installer\Installer.csproj", "{295729F7-172F-4BCD-A619-E495DB5A4E2F}"
EndProject
Project("{FAE04EC0-301F-11D3-BF4B-00C04F79EFBC}") = "Uninstaller", "modules\Uninstaller\Uninstaller.csproj", "{3232778B-1A3B-4D31-88A1-7A43B8B66723}"
EndProject
Project("{8BC9CEB8-8B4A-11D0-8D11-00A0C91BC942}") = "WUTokenHelper", "modules\WUTokenHelper\WUTokenHelper.vcxproj", "{B7336BA7-1E83-43D8-BD0E-3D44C6E3D4E7}"
EndProject
Project("{2150E333-8FDC-42A3-9474-1A3956D46DE8}") = "Modules", "Modules", "{BD55A257-6639-42E6-9DE1-AF712F553AA2}"
EndProject
Project("{FAE04EC0-301F-11D3-BF4B-00C04F79EFBC}") = "SkinView3D", "modules\SkinView3D\SkinView3D.csproj", "{CCABEF67-F4BF-4087-9291-62EE5E316934}"
EndProject
Project("{FAE04EC0-301F-11D3-BF4B-00C04F79EFBC}") = "BL_Core", "modules\BL_Core\BL_Core.csproj", "{167A048A-8140-4F8D-87C3-A03D07F964D3}"
EndProject
Global
	GlobalSection(SolutionConfigurationPlatforms) = preSolution
		Debug|Any CPU = Debug|Any CPU
		Debug|x64 = Debug|x64
		Debug|x86 = Debug|x86
		Release|Any CPU = Release|Any CPU
		Release|x64 = Release|x64
		Release|x86 = Release|x86
	EndGlobalSection
	GlobalSection(ProjectConfigurationPlatforms) = postSolution
		{9FEBCF6C-14EF-49E9-B57D-FCBC3BA4BC77}.Debug|Any CPU.ActiveCfg = Debug|Any CPU
		{9FEBCF6C-14EF-49E9-B57D-FCBC3BA4BC77}.Debug|Any CPU.Build.0 = Debug|Any CPU
		{9FEBCF6C-14EF-49E9-B57D-FCBC3BA4BC77}.Debug|x64.ActiveCfg = Debug|x64
		{9FEBCF6C-14EF-49E9-B57D-FCBC3BA4BC77}.Debug|x64.Build.0 = Debug|x64
		{9FEBCF6C-14EF-49E9-B57D-FCBC3BA4BC77}.Debug|x86.ActiveCfg = Debug|x86
		{9FEBCF6C-14EF-49E9-B57D-FCBC3BA4BC77}.Debug|x86.Build.0 = Debug|x86
		{9FEBCF6C-14EF-49E9-B57D-FCBC3BA4BC77}.Release|Any CPU.ActiveCfg = Release|Any CPU
		{9FEBCF6C-14EF-49E9-B57D-FCBC3BA4BC77}.Release|Any CPU.Build.0 = Release|Any CPU
		{9FEBCF6C-14EF-49E9-B57D-FCBC3BA4BC77}.Release|x64.ActiveCfg = Release|x64
		{9FEBCF6C-14EF-49E9-B57D-FCBC3BA4BC77}.Release|x64.Build.0 = Release|x64
		{9FEBCF6C-14EF-49E9-B57D-FCBC3BA4BC77}.Release|x86.ActiveCfg = Release|x86
		{9FEBCF6C-14EF-49E9-B57D-FCBC3BA4BC77}.Release|x86.Build.0 = Release|x86
		{295729F7-172F-4BCD-A619-E495DB5A4E2F}.Debug|Any CPU.ActiveCfg = Debug|Any CPU
		{295729F7-172F-4BCD-A619-E495DB5A4E2F}.Debug|Any CPU.Build.0 = Debug|Any CPU
		{295729F7-172F-4BCD-A619-E495DB5A4E2F}.Debug|x64.ActiveCfg = Debug|x64
		{295729F7-172F-4BCD-A619-E495DB5A4E2F}.Debug|x64.Build.0 = Debug|x64
		{295729F7-172F-4BCD-A619-E495DB5A4E2F}.Debug|x86.ActiveCfg = Debug|x86
		{295729F7-172F-4BCD-A619-E495DB5A4E2F}.Debug|x86.Build.0 = Debug|x86
		{295729F7-172F-4BCD-A619-E495DB5A4E2F}.Release|Any CPU.ActiveCfg = Release|Any CPU
		{295729F7-172F-4BCD-A619-E495DB5A4E2F}.Release|Any CPU.Build.0 = Release|Any CPU
		{295729F7-172F-4BCD-A619-E495DB5A4E2F}.Release|x64.ActiveCfg = Release|Any CPU
		{295729F7-172F-4BCD-A619-E495DB5A4E2F}.Release|x64.Build.0 = Release|Any CPU
		{295729F7-172F-4BCD-A619-E495DB5A4E2F}.Release|x86.ActiveCfg = Release|x86
		{295729F7-172F-4BCD-A619-E495DB5A4E2F}.Release|x86.Build.0 = Release|x86
		{3232778B-1A3B-4D31-88A1-7A43B8B66723}.Debug|Any CPU.ActiveCfg = Debug|Any CPU
		{3232778B-1A3B-4D31-88A1-7A43B8B66723}.Debug|Any CPU.Build.0 = Debug|Any CPU
		{3232778B-1A3B-4D31-88A1-7A43B8B66723}.Debug|x64.ActiveCfg = Debug|x64
		{3232778B-1A3B-4D31-88A1-7A43B8B66723}.Debug|x64.Build.0 = Debug|x64
		{3232778B-1A3B-4D31-88A1-7A43B8B66723}.Debug|x86.ActiveCfg = Debug|x86
		{3232778B-1A3B-4D31-88A1-7A43B8B66723}.Debug|x86.Build.0 = Debug|x86
		{3232778B-1A3B-4D31-88A1-7A43B8B66723}.Release|Any CPU.ActiveCfg = Release|Any CPU
		{3232778B-1A3B-4D31-88A1-7A43B8B66723}.Release|Any CPU.Build.0 = Release|Any CPU
		{3232778B-1A3B-4D31-88A1-7A43B8B66723}.Release|x64.ActiveCfg = Release|Any CPU
		{3232778B-1A3B-4D31-88A1-7A43B8B66723}.Release|x64.Build.0 = Release|Any CPU
		{3232778B-1A3B-4D31-88A1-7A43B8B66723}.Release|x86.ActiveCfg = Release|x86
		{3232778B-1A3B-4D31-88A1-7A43B8B66723}.Release|x86.Build.0 = Release|x86
		{B7336BA7-1E83-43D8-BD0E-3D44C6E3D4E7}.Debug|Any CPU.ActiveCfg = Debug|Win32
		{B7336BA7-1E83-43D8-BD0E-3D44C6E3D4E7}.Debug|Any CPU.Build.0 = Debug|Win32
		{B7336BA7-1E83-43D8-BD0E-3D44C6E3D4E7}.Debug|x64.ActiveCfg = Debug|x64
		{B7336BA7-1E83-43D8-BD0E-3D44C6E3D4E7}.Debug|x64.Build.0 = Debug|x64
		{B7336BA7-1E83-43D8-BD0E-3D44C6E3D4E7}.Debug|x86.ActiveCfg = Debug|Win32
		{B7336BA7-1E83-43D8-BD0E-3D44C6E3D4E7}.Debug|x86.Build.0 = Debug|Win32
		{B7336BA7-1E83-43D8-BD0E-3D44C6E3D4E7}.Release|Any CPU.ActiveCfg = Release|Win32
		{B7336BA7-1E83-43D8-BD0E-3D44C6E3D4E7}.Release|Any CPU.Build.0 = Release|Win32
		{B7336BA7-1E83-43D8-BD0E-3D44C6E3D4E7}.Release|x64.ActiveCfg = Release|x64
		{B7336BA7-1E83-43D8-BD0E-3D44C6E3D4E7}.Release|x64.Build.0 = Release|x64
		{B7336BA7-1E83-43D8-BD0E-3D44C6E3D4E7}.Release|x86.ActiveCfg = Release|Win32
		{B7336BA7-1E83-43D8-BD0E-3D44C6E3D4E7}.Release|x86.Build.0 = Release|Win32
		{CCABEF67-F4BF-4087-9291-62EE5E316934}.Debug|Any CPU.ActiveCfg = Debug|Any CPU
		{CCABEF67-F4BF-4087-9291-62EE5E316934}.Debug|Any CPU.Build.0 = Debug|Any CPU
		{CCABEF67-F4BF-4087-9291-62EE5E316934}.Debug|x64.ActiveCfg = Debug|Any CPU
		{CCABEF67-F4BF-4087-9291-62EE5E316934}.Debug|x64.Build.0 = Debug|Any CPU
		{CCABEF67-F4BF-4087-9291-62EE5E316934}.Debug|x86.ActiveCfg = Debug|Any CPU
		{CCABEF67-F4BF-4087-9291-62EE5E316934}.Debug|x86.Build.0 = Debug|Any CPU
		{CCABEF67-F4BF-4087-9291-62EE5E316934}.Release|Any CPU.ActiveCfg = Release|Any CPU
		{CCABEF67-F4BF-4087-9291-62EE5E316934}.Release|Any CPU.Build.0 = Release|Any CPU
		{CCABEF67-F4BF-4087-9291-62EE5E316934}.Release|x64.ActiveCfg = Release|Any CPU
		{CCABEF67-F4BF-4087-9291-62EE5E316934}.Release|x64.Build.0 = Release|Any CPU
		{CCABEF67-F4BF-4087-9291-62EE5E316934}.Release|x86.ActiveCfg = Release|Any CPU
		{CCABEF67-F4BF-4087-9291-62EE5E316934}.Release|x86.Build.0 = Release|Any CPU
		{167A048A-8140-4F8D-87C3-A03D07F964D3}.Debug|Any CPU.ActiveCfg = Debug|Any CPU
		{167A048A-8140-4F8D-87C3-A03D07F964D3}.Debug|Any CPU.Build.0 = Debug|Any CPU
		{167A048A-8140-4F8D-87C3-A03D07F964D3}.Debug|x64.ActiveCfg = Debug|Any CPU
		{167A048A-8140-4F8D-87C3-A03D07F964D3}.Debug|x64.Build.0 = Debug|Any CPU
		{167A048A-8140-4F8D-87C3-A03D07F964D3}.Debug|x86.ActiveCfg = Debug|Any CPU
		{167A048A-8140-4F8D-87C3-A03D07F964D3}.Debug|x86.Build.0 = Debug|Any CPU
		{167A048A-8140-4F8D-87C3-A03D07F964D3}.Release|Any CPU.ActiveCfg = Release|Any CPU
		{167A048A-8140-4F8D-87C3-A03D07F964D3}.Release|Any CPU.Build.0 = Release|Any CPU
		{167A048A-8140-4F8D-87C3-A03D07F964D3}.Release|x64.ActiveCfg = Release|Any CPU
		{167A048A-8140-4F8D-87C3-A03D07F964D3}.Release|x64.Build.0 = Release|Any CPU
		{167A048A-8140-4F8D-87C3-A03D07F964D3}.Release|x86.ActiveCfg = Release|Any CPU
		{167A048A-8140-4F8D-87C3-A03D07F964D3}.Release|x86.Build.0 = Release|Any CPU
	EndGlobalSection
	GlobalSection(SolutionProperties) = preSolution
		HideSolutionNode = FALSE
	EndGlobalSection
	GlobalSection(NestedProjects) = preSolution
		{295729F7-172F-4BCD-A619-E495DB5A4E2F} = {BD55A257-6639-42E6-9DE1-AF712F553AA2}
		{3232778B-1A3B-4D31-88A1-7A43B8B66723} = {BD55A257-6639-42E6-9DE1-AF712F553AA2}
		{B7336BA7-1E83-43D8-BD0E-3D44C6E3D4E7} = {BD55A257-6639-42E6-9DE1-AF712F553AA2}
		{CCABEF67-F4BF-4087-9291-62EE5E316934} = {BD55A257-6639-42E6-9DE1-AF712F553AA2}
		{167A048A-8140-4F8D-87C3-A03D07F964D3} = {BD55A257-6639-42E6-9DE1-AF712F553AA2}
	EndGlobalSection
	GlobalSection(ExtensibilityGlobals) = postSolution
		SolutionGuid = {1C257FFD-AD8A-44BD-AC36-BCEE19250413}
	EndGlobalSection
EndGlobal
